
Microsoft Visual Studio Solution File, Format Version 12.00
# Visual Studio Version 16
VisualStudioVersion = 16.0.31205.134
MinimumVisualStudioVersion = 10.0.40219.1
Project("{FAE04EC0-301F-11D3-BF4B-00C04F79EFBC}") = "ChessConsole", "ChessConsole\ChessConsole.csproj", "{AC1A649C-F183-4BA8-A755-4BB615DBBEB1}"
EndProject
Global
	GlobalSection(SolutionConfigurationPlatforms) = preSolution
		Debug|Any CPU = Debug|Any CPU
		Release|Any CPU = Release|Any CPU
	EndGlobalSection
	GlobalSection(ProjectConfigurationPlatforms) = postSolution
		{AC1A649C-F183-4BA8-A755-4BB615DBBEB1}.Debug|Any CPU.ActiveCfg = Debug|Any CPU
		{AC1A649C-F183-4BA8-A755-4BB615DBBEB1}.Debug|Any CPU.Build.0 = Debug|Any CPU
		{AC1A649C-F183-4BA8-A755-4BB615DBBEB1}.Release|Any CPU.ActiveCfg = Release|Any CPU
		{AC1A649C-F183-4BA8-A755-4BB615DBBEB1}.Release|Any CPU.Build.0 = Release|Any CPU
	EndGlobalSection
	GlobalSection(SolutionProperties) = preSolution
		HideSolutionNode = FALSE
	EndGlobalSection
	GlobalSection(ExtensibilityGlobals) = postSolution
		SolutionGuid = {2CC02DE7-A1A2-4798-A2FB-48D1386F2D65}
	EndGlobalSection
EndGlobal
