
Microsoft Visual Studio Solution File, Format Version 12.00
# Visual Studio Version 16
VisualStudioVersion = 16.0.31205.134
MinimumVisualStudioVersion = 10.0.40219.1
Project("{FAE04EC0-301F-11D3-BF4B-00C04F79EFBC}") = "MainProgram", "BankAccount 2.0\MainProgram.csproj", "{EFCF8F07-4A2D-4071-894C-58690E0FD3F2}"
EndProject
Global
	GlobalSection(SolutionConfigurationPlatforms) = preSolution
		Debug|Any CPU = Debug|Any CPU
		Release|Any CPU = Release|Any CPU
	EndGlobalSection
	GlobalSection(ProjectConfigurationPlatforms) = postSolution
		{EFCF8F07-4A2D-4071-894C-58690E0FD3F2}.Debug|Any CPU.ActiveCfg = Debug|Any CPU
		{EFCF8F07-4A2D-4071-894C-58690E0FD3F2}.Debug|Any CPU.Build.0 = Debug|Any CPU
		{EFCF8F07-4A2D-4071-894C-58690E0FD3F2}.Release|Any CPU.ActiveCfg = Release|Any CPU
		{EFCF8F07-4A2D-4071-894C-58690E0FD3F2}.Release|Any CPU.Build.0 = Release|Any CPU
	EndGlobalSection
	GlobalSection(SolutionProperties) = preSolution
		HideSolutionNode = FALSE
	EndGlobalSection
	GlobalSection(ExtensibilityGlobals) = postSolution
		SolutionGuid = {4A8EF976-0BDD-47B8-AD97-26A2390ECEAA}
	EndGlobalSection
EndGlobal
