
Microsoft Visual Studio Solution File, Format Version 12.00
# Visual Studio Version 16
VisualStudioVersion = 16.0.31205.134
MinimumVisualStudioVersion = 10.0.40219.1
Project("{FAE04EC0-301F-11D3-BF4B-00C04F79EFBC}") = "Payers", "TaxPayers\Payers.csproj", "{16D8D641-75DA-48C0-B460-8A77187EE64A}"
EndProject
Global
	GlobalSection(SolutionConfigurationPlatforms) = preSolution
		Debug|Any CPU = Debug|Any CPU
		Release|Any CPU = Release|Any CPU
	EndGlobalSection
	GlobalSection(ProjectConfigurationPlatforms) = postSolution
		{16D8D641-75DA-48C0-B460-8A77187EE64A}.Debug|Any CPU.ActiveCfg = Debug|Any CPU
		{16D8D641-75DA-48C0-B460-8A77187EE64A}.Debug|Any CPU.Build.0 = Debug|Any CPU
		{16D8D641-75DA-48C0-B460-8A77187EE64A}.Release|Any CPU.ActiveCfg = Release|Any CPU
		{16D8D641-75DA-48C0-B460-8A77187EE64A}.Release|Any CPU.Build.0 = Release|Any CPU
	EndGlobalSection
	GlobalSection(SolutionProperties) = preSolution
		HideSolutionNode = FALSE
	EndGlobalSection
	GlobalSection(ExtensibilityGlobals) = postSolution
		SolutionGuid = {3DC69A09-46C2-42B4-A4F9-06BE6BB6D807}
	EndGlobalSection
EndGlobal
